// !$*UTF8*$!
{
	archiveVersion = 1;
	classes = {
	};
	objectVersion = 46;
	objects = {

/* Begin PBXBuildFile section */
		CB90B7941D8E2F2F00CC9D8E /* AppDelegate.swift in Sources */ = {isa = PBXBuildFile; fileRef = CB90B7931D8E2F2F00CC9D8E /* AppDelegate.swift */; };
		CB90B7961D8E2F2F00CC9D8E /* ViewController.swift in Sources */ = {isa = PBXBuildFile; fileRef = CB90B7951D8E2F2F00CC9D8E /* ViewController.swift */; };
		CB90B7991D8E2F2F00CC9D8E /* Main.storyboard in Resources */ = {isa = PBXBuildFile; fileRef = CB90B7971D8E2F2F00CC9D8E /* Main.storyboard */; };
		CB90B79B1D8E2F2F00CC9D8E /* Assets.xcassets in Resources */ = {isa = PBXBuildFile; fileRef = CB90B79A1D8E2F2F00CC9D8E /* Assets.xcassets */; };
		CB90B79E1D8E2F2F00CC9D8E /* LaunchScreen.storyboard in Resources */ = {isa = PBXBuildFile; fileRef = CB90B79C1D8E2F2F00CC9D8E /* LaunchScreen.storyboard */; };
		CB90B7A91D8E2F2F00CC9D8E /* CSWeChatTests.swift in Sources */ = {isa = PBXBuildFile; fileRef = CB90B7A81D8E2F2F00CC9D8E /* CSWeChatTests.swift */; };
		CB90B7B41D8E2F2F00CC9D8E /* CSWeChatUITests.swift in Sources */ = {isa = PBXBuildFile; fileRef = CB90B7B31D8E2F2F00CC9D8E /* CSWeChatUITests.swift */; };
		CB90B7E41D8E305600CC9D8E /* Media.xcassets in Resources */ = {isa = PBXBuildFile; fileRef = CB90B7E31D8E305600CC9D8E /* Media.xcassets */; };
		CBCD53241D8E6657005ACB3A /* Extension.bundle in Resources */ = {isa = PBXBuildFile; fileRef = CBCD53231D8E6657005ACB3A /* Extension.bundle */; };
/* End PBXBuildFile section */

/* Begin PBXContainerItemProxy section */
		CB90B7A51D8E2F2F00CC9D8E /* PBXContainerItemProxy */ = {
			isa = PBXContainerItemProxy;
			containerPortal = CB90B7881D8E2F2F00CC9D8E /* Project object */;
			proxyType = 1;
			remoteGlobalIDString = CB90B78F1D8E2F2F00CC9D8E;
			remoteInfo = CSWeChat;
		};
		CB90B7B01D8E2F2F00CC9D8E /* PBXContainerItemProxy */ = {
			isa = PBXContainerItemProxy;
			containerPortal = CB90B7881D8E2F2F00CC9D8E /* Project object */;
			proxyType = 1;
			remoteGlobalIDString = CB90B78F1D8E2F2F00CC9D8E;
			remoteInfo = CSWeChat;
		};
/* End PBXContainerItemProxy section */

/* Begin PBXFileReference section */
		CB90B7901D8E2F2F00CC9D8E /* CSWeChat.app */ = {isa = PBXFileReference; explicitFileType = wrapper.application; includeInIndex = 0; path = CSWeChat.app; sourceTree = BUILT_PRODUCTS_DIR; };
		CB90B7931D8E2F2F00CC9D8E /* AppDelegate.swift */ = {isa = PBXFileReference; lastKnownFileType = sourcecode.swift; name = AppDelegate.swift; path = ../AppDelegate.swift; sourceTree = "<group>"; };
		CB90B7951D8E2F2F00CC9D8E /* ViewController.swift */ = {isa = PBXFileReference; lastKnownFileType = sourcecode.swift; name = ViewController.swift; path = ../ViewController.swift; sourceTree = "<group>"; };
		CB90B7981D8E2F2F00CC9D8E /* Base */ = {isa = PBXFileReference; lastKnownFileType = file.storyboard; name = Base; path = Base.lproj/Main.storyboard; sourceTree = "<group>"; };
		CB90B79A1D8E2F2F00CC9D8E /* Assets.xcassets */ = {isa = PBXFileReference; lastKnownFileType = folder.assetcatalog; name = Assets.xcassets; path = ../Assets.xcassets; sourceTree = "<group>"; };
		CB90B79D1D8E2F2F00CC9D8E /* Base */ = {isa = PBXFileReference; lastKnownFileType = file.storyboard; name = Base; path = Base.lproj/LaunchScreen.storyboard; sourceTree = "<group>"; };
		CB90B79F1D8E2F2F00CC9D8E /* Info.plist */ = {isa = PBXFileReference; lastKnownFileType = text.plist.xml; name = Info.plist; path = ../Info.plist; sourceTree = "<group>"; };
		CB90B7A41D8E2F2F00CC9D8E /* CSWeChatTests.xctest */ = {isa = PBXFileReference; explicitFileType = wrapper.cfbundle; includeInIndex = 0; path = CSWeChatTests.xctest; sourceTree = BUILT_PRODUCTS_DIR; };
		CB90B7A81D8E2F2F00CC9D8E /* CSWeChatTests.swift */ = {isa = PBXFileReference; lastKnownFileType = sourcecode.swift; path = CSWeChatTests.swift; sourceTree = "<group>"; };
		CB90B7AA1D8E2F2F00CC9D8E /* Info.plist */ = {isa = PBXFileReference; lastKnownFileType = text.plist.xml; path = Info.plist; sourceTree = "<group>"; };
		CB90B7AF1D8E2F2F00CC9D8E /* CSWeChatUITests.xctest */ = {isa = PBXFileReference; explicitFileType = wrapper.cfbundle; includeInIndex = 0; path = CSWeChatUITests.xctest; sourceTree = BUILT_PRODUCTS_DIR; };
		CB90B7B31D8E2F2F00CC9D8E /* CSWeChatUITests.swift */ = {isa = PBXFileReference; lastKnownFileType = sourcecode.swift; path = CSWeChatUITests.swift; sourceTree = "<group>"; };
		CB90B7B51D8E2F2F00CC9D8E /* Info.plist */ = {isa = PBXFileReference; lastKnownFileType = text.plist.xml; path = Info.plist; sourceTree = "<group>"; };
		CB90B7E01D8E2F6A00CC9D8E /* CSWeChat-Bridging-Header.h */ = {isa = PBXFileReference; lastKnownFileType = sourcecode.c.h; path = "CSWeChat-Bridging-Header.h"; sourceTree = "<group>"; };
		CB90B7E31D8E305600CC9D8E /* Media.xcassets */ = {isa = PBXFileReference; lastKnownFileType = folder.assetcatalog; path = Media.xcassets; sourceTree = "<group>"; };
		CBCD53231D8E6657005ACB3A /* Extension.bundle */ = {isa = PBXFileReference; lastKnownFileType = "wrapper.plug-in"; path = Extension.bundle; sourceTree = "<group>"; };
/* End PBXFileReference section */

/* Begin PBXFrameworksBuildPhase section */
		CB90B78D1D8E2F2F00CC9D8E /* Frameworks */ = {
			isa = PBXFrameworksBuildPhase;
			buildActionMask = 2147483647;
			files = (
			);
			runOnlyForDeploymentPostprocessing = 0;
		};
		CB90B7A11D8E2F2F00CC9D8E /* Frameworks */ = {
			isa = PBXFrameworksBuildPhase;
			buildActionMask = 2147483647;
			files = (
			);
			runOnlyForDeploymentPostprocessing = 0;
		};
		CB90B7AC1D8E2F2F00CC9D8E /* Frameworks */ = {
			isa = PBXFrameworksBuildPhase;
			buildActionMask = 2147483647;
			files = (
			);
			runOnlyForDeploymentPostprocessing = 0;
		};
/* End PBXFrameworksBuildPhase section */

/* Begin PBXGroup section */
		CB90B7871D8E2F2F00CC9D8E = {
			isa = PBXGroup;
			children = (
				CB90B7921D8E2F2F00CC9D8E /* CSWeChat */,
				CB90B7A71D8E2F2F00CC9D8E /* CSWeChatTests */,
				CB90B7B21D8E2F2F00CC9D8E /* CSWeChatUITests */,
				CB90B7911D8E2F2F00CC9D8E /* Products */,
			);
			sourceTree = "<group>";
		};
		CB90B7911D8E2F2F00CC9D8E /* Products */ = {
			isa = PBXGroup;
			children = (
				CB90B7901D8E2F2F00CC9D8E /* CSWeChat.app */,
				CB90B7A41D8E2F2F00CC9D8E /* CSWeChatTests.xctest */,
				CB90B7AF1D8E2F2F00CC9D8E /* CSWeChatUITests.xctest */,
			);
			name = Products;
			sourceTree = "<group>";
		};
		CB90B7921D8E2F2F00CC9D8E /* CSWeChat */ = {
			isa = PBXGroup;
			children = (
				CB90B7C11D8E2F4A00CC9D8E /* Config */,
				CB90B7C41D8E2F4A00CC9D8E /* Expand */,
				CB90B7CB1D8E2F4A00CC9D8E /* Main */,
				CB90B7CC1D8E2F4A00CC9D8E /* Resource */,
				CB90B7D21D8E2F4A00CC9D8E /* Section */,
				CB90B7DF1D8E2F4A00CC9D8E /* Vendor */,
			);
			path = CSWeChat;
			sourceTree = "<group>";
		};
		CB90B7A71D8E2F2F00CC9D8E /* CSWeChatTests */ = {
			isa = PBXGroup;
			children = (
				CB90B7A81D8E2F2F00CC9D8E /* CSWeChatTests.swift */,
				CB90B7AA1D8E2F2F00CC9D8E /* Info.plist */,
			);
			path = CSWeChatTests;
			sourceTree = "<group>";
		};
		CB90B7B21D8E2F2F00CC9D8E /* CSWeChatUITests */ = {
			isa = PBXGroup;
			children = (
				CB90B7B31D8E2F2F00CC9D8E /* CSWeChatUITests.swift */,
				CB90B7B51D8E2F2F00CC9D8E /* Info.plist */,
			);
			path = CSWeChatUITests;
			sourceTree = "<group>";
		};
		CB90B7C11D8E2F4A00CC9D8E /* Config */ = {
			isa = PBXGroup;
			children = (
				CB90B7C21D8E2F4A00CC9D8E /* Const */,
				CB90B7C31D8E2F4A00CC9D8E /* Theme */,
			);
			path = Config;
			sourceTree = "<group>";
		};
		CB90B7C21D8E2F4A00CC9D8E /* Const */ = {
			isa = PBXGroup;
			children = (
			);
			path = Const;
			sourceTree = "<group>";
		};
		CB90B7C31D8E2F4A00CC9D8E /* Theme */ = {
			isa = PBXGroup;
			children = (
			);
			path = Theme;
			sourceTree = "<group>";
		};
		CB90B7C41D8E2F4A00CC9D8E /* Expand */ = {
			isa = PBXGroup;
			children = (
				CB90B7C51D8E2F4A00CC9D8E /* Database */,
				CB90B7C61D8E2F4A00CC9D8E /* Extension */,
				CB90B7C71D8E2F4A00CC9D8E /* Helper */,
				CB90B7C81D8E2F4A00CC9D8E /* JSON */,
				CB90B7C91D8E2F4A00CC9D8E /* Macro */,
				CB90B7CA1D8E2F4A00CC9D8E /* Network */,
			);
			path = Expand;
			sourceTree = "<group>";
		};
		CB90B7C51D8E2F4A00CC9D8E /* Database */ = {
			isa = PBXGroup;
			children = (
			);
			path = Database;
			sourceTree = "<group>";
		};
		CB90B7C61D8E2F4A00CC9D8E /* Extension */ = {
			isa = PBXGroup;
			children = (
			);
			path = Extension;
			sourceTree = "<group>";
		};
		CB90B7C71D8E2F4A00CC9D8E /* Helper */ = {
			isa = PBXGroup;
			children = (
			);
			path = Helper;
			sourceTree = "<group>";
		};
		CB90B7C81D8E2F4A00CC9D8E /* JSON */ = {
			isa = PBXGroup;
			children = (
			);
			path = JSON;
			sourceTree = "<group>";
		};
		CB90B7C91D8E2F4A00CC9D8E /* Macro */ = {
			isa = PBXGroup;
			children = (
			);
			path = Macro;
			sourceTree = "<group>";
		};
		CB90B7CA1D8E2F4A00CC9D8E /* Network */ = {
			isa = PBXGroup;
			children = (
			);
			path = Network;
			sourceTree = "<group>";
		};
		CB90B7CB1D8E2F4A00CC9D8E /* Main */ = {
			isa = PBXGroup;
			children = (
				CB90B7931D8E2F2F00CC9D8E /* AppDelegate.swift */,
				CB90B7951D8E2F2F00CC9D8E /* ViewController.swift */,
				CB90B7971D8E2F2F00CC9D8E /* Main.storyboard */,
				CB90B79C1D8E2F2F00CC9D8E /* LaunchScreen.storyboard */,
				CB90B79F1D8E2F2F00CC9D8E /* Info.plist */,
				CB90B7E01D8E2F6A00CC9D8E /* CSWeChat-Bridging-Header.h */,
			);
			path = Main;
			sourceTree = "<group>";
		};
		CB90B7CC1D8E2F4A00CC9D8E /* Resource */ = {
			isa = PBXGroup;
			children = (
				CB90B79A1D8E2F2F00CC9D8E /* Assets.xcassets */,
				CB90B7E31D8E305600CC9D8E /* Media.xcassets */,
				CB90B7CD1D8E2F4A00CC9D8E /* Audio */,
				CB90B7CE1D8E2F4A00CC9D8E /* Data */,
				CB90B7CF1D8E2F4A00CC9D8E /* File */,
				CB90B7D01D8E2F4A00CC9D8E /* Font */,
				CB90B7D11D8E2F4A00CC9D8E /* Plist */,
				CBCD53231D8E6657005ACB3A /* Extension.bundle */,
			);
			path = Resource;
			sourceTree = "<group>";
		};
		CB90B7CD1D8E2F4A00CC9D8E /* Audio */ = {
			isa = PBXGroup;
			children = (
			);
			path = Audio;
			sourceTree = "<group>";
		};
		CB90B7CE1D8E2F4A00CC9D8E /* Data */ = {
			isa = PBXGroup;
			children = (
			);
			path = Data;
			sourceTree = "<group>";
		};
		CB90B7CF1D8E2F4A00CC9D8E /* File */ = {
			isa = PBXGroup;
			children = (
			);
			path = File;
			sourceTree = "<group>";
		};
		CB90B7D01D8E2F4A00CC9D8E /* Font */ = {
			isa = PBXGroup;
			children = (
			);
			path = Font;
			sourceTree = "<group>";
		};
		CB90B7D11D8E2F4A00CC9D8E /* Plist */ = {
			isa = PBXGroup;
			children = (
			);
			path = Plist;
			sourceTree = "<group>";
		};
		CB90B7D21D8E2F4A00CC9D8E /* Section */ = {
			isa = PBXGroup;
			children = (
				CB90B7D31D8E2F4A00CC9D8E /* Advert */,
				CB90B7D71D8E2F4A00CC9D8E /* Base */,
				CB90B7DB1D8E2F4A00CC9D8E /* Guide */,
			);
			path = Section;
			sourceTree = "<group>";
		};
		CB90B7D31D8E2F4A00CC9D8E /* Advert */ = {
			isa = PBXGroup;
			children = (
				CB90B7D41D8E2F4A00CC9D8E /* Controller */,
				CB90B7D51D8E2F4A00CC9D8E /* Model */,
				CB90B7D61D8E2F4A00CC9D8E /* View */,
			);
			path = Advert;
			sourceTree = "<group>";
		};
		CB90B7D41D8E2F4A00CC9D8E /* Controller */ = {
			isa = PBXGroup;
			children = (
			);
			path = Controller;
			sourceTree = "<group>";
		};
		CB90B7D51D8E2F4A00CC9D8E /* Model */ = {
			isa = PBXGroup;
			children = (
			);
			path = Model;
			sourceTree = "<group>";
		};
		CB90B7D61D8E2F4A00CC9D8E /* View */ = {
			isa = PBXGroup;
			children = (
			);
			path = View;
			sourceTree = "<group>";
		};
		CB90B7D71D8E2F4A00CC9D8E /* Base */ = {
			isa = PBXGroup;
			children = (
				CB90B7D81D8E2F4A00CC9D8E /* Controller */,
				CB90B7D91D8E2F4A00CC9D8E /* Model */,
				CB90B7DA1D8E2F4A00CC9D8E /* View */,
			);
			path = Base;
			sourceTree = "<group>";
		};
		CB90B7D81D8E2F4A00CC9D8E /* Controller */ = {
			isa = PBXGroup;
			children = (
			);
			path = Controller;
			sourceTree = "<group>";
		};
		CB90B7D91D8E2F4A00CC9D8E /* Model */ = {
			isa = PBXGroup;
			children = (
			);
			path = Model;
			sourceTree = "<group>";
		};
		CB90B7DA1D8E2F4A00CC9D8E /* View */ = {
			isa = PBXGroup;
			children = (
			);
			path = View;
			sourceTree = "<group>";
		};
		CB90B7DB1D8E2F4A00CC9D8E /* Guide */ = {
			isa = PBXGroup;
			children = (
				CB90B7DC1D8E2F4A00CC9D8E /* Controller */,
				CB90B7DD1D8E2F4A00CC9D8E /* Model */,
				CB90B7DE1D8E2F4A00CC9D8E /* View */,
			);
			path = Guide;
			sourceTree = "<group>";
		};
		CB90B7DC1D8E2F4A00CC9D8E /* Controller */ = {
			isa = PBXGroup;
			children = (
			);
			path = Controller;
			sourceTree = "<group>";
		};
		CB90B7DD1D8E2F4A00CC9D8E /* Model */ = {
			isa = PBXGroup;
			children = (
			);
			path = Model;
			sourceTree = "<group>";
		};
		CB90B7DE1D8E2F4A00CC9D8E /* View */ = {
			isa = PBXGroup;
			children = (
			);
			path = View;
			sourceTree = "<group>";
		};
		CB90B7DF1D8E2F4A00CC9D8E /* Vendor */ = {
			isa = PBXGroup;
			children = (
			);
			path = Vendor;
			sourceTree = "<group>";
		};
/* End PBXGroup section */

/* Begin PBXNativeTarget section */
		CB90B78F1D8E2F2F00CC9D8E /* CSWeChat */ = {
			isa = PBXNativeTarget;
			buildConfigurationList = CB90B7B81D8E2F2F00CC9D8E /* Build configuration list for PBXNativeTarget "CSWeChat" */;
			buildPhases = (
				CB90B78C1D8E2F2F00CC9D8E /* Sources */,
				CB90B78D1D8E2F2F00CC9D8E /* Frameworks */,
				CB90B78E1D8E2F2F00CC9D8E /* Resources */,
			);
			buildRules = (
			);
			dependencies = (
			);
			name = CSWeChat;
			productName = CSWeChat;
			productReference = CB90B7901D8E2F2F00CC9D8E /* CSWeChat.app */;
			productType = "com.apple.product-type.application";
		};
		CB90B7A31D8E2F2F00CC9D8E /* CSWeChatTests */ = {
			isa = PBXNativeTarget;
			buildConfigurationList = CB90B7BB1D8E2F2F00CC9D8E /* Build configuration list for PBXNativeTarget "CSWeChatTests" */;
			buildPhases = (
				CB90B7A01D8E2F2F00CC9D8E /* Sources */,
				CB90B7A11D8E2F2F00CC9D8E /* Frameworks */,
				CB90B7A21D8E2F2F00CC9D8E /* Resources */,
			);
			buildRules = (
			);
			dependencies = (
				CB90B7A61D8E2F2F00CC9D8E /* PBXTargetDependency */,
			);
			name = CSWeChatTests;
			productName = CSWeChatTests;
			productReference = CB90B7A41D8E2F2F00CC9D8E /* CSWeChatTests.xctest */;
			productType = "com.apple.product-type.bundle.unit-test";
		};
		CB90B7AE1D8E2F2F00CC9D8E /* CSWeChatUITests */ = {
			isa = PBXNativeTarget;
			buildConfigurationList = CB90B7BE1D8E2F2F00CC9D8E /* Build configuration list for PBXNativeTarget "CSWeChatUITests" */;
			buildPhases = (
				CB90B7AB1D8E2F2F00CC9D8E /* Sources */,
				CB90B7AC1D8E2F2F00CC9D8E /* Frameworks */,
				CB90B7AD1D8E2F2F00CC9D8E /* Resources */,
			);
			buildRules = (
			);
			dependencies = (
				CB90B7B11D8E2F2F00CC9D8E /* PBXTargetDependency */,
			);
			name = CSWeChatUITests;
			productName = CSWeChatUITests;
			productReference = CB90B7AF1D8E2F2F00CC9D8E /* CSWeChatUITests.xctest */;
			productType = "com.apple.product-type.bundle.ui-testing";
		};
/* End PBXNativeTarget section */

/* Begin PBXProject section */
		CB90B7881D8E2F2F00CC9D8E /* Project object */ = {
			isa = PBXProject;
			attributes = {
				LastSwiftUpdateCheck = 0800;
				LastUpgradeCheck = 0800;
				ORGANIZATIONNAME = "杨晓冬";
				TargetAttributes = {
					CB90B78F1D8E2F2F00CC9D8E = {
						CreatedOnToolsVersion = 8.0;
						LastSwiftMigration = 0800;
						ProvisioningStyle = Automatic;
					};
					CB90B7A31D8E2F2F00CC9D8E = {
						CreatedOnToolsVersion = 8.0;
						ProvisioningStyle = Automatic;
						TestTargetID = CB90B78F1D8E2F2F00CC9D8E;
					};
					CB90B7AE1D8E2F2F00CC9D8E = {
						CreatedOnToolsVersion = 8.0;
						ProvisioningStyle = Automatic;
						TestTargetID = CB90B78F1D8E2F2F00CC9D8E;
					};
				};
			};
			buildConfigurationList = CB90B78B1D8E2F2F00CC9D8E /* Build configuration list for PBXProject "CSWeChat" */;
			compatibilityVersion = "Xcode 3.2";
			developmentRegion = English;
			hasScannedForEncodings = 0;
			knownRegions = (
				en,
				Base,
			);
			mainGroup = CB90B7871D8E2F2F00CC9D8E;
			productRefGroup = CB90B7911D8E2F2F00CC9D8E /* Products */;
			projectDirPath = "";
			projectRoot = "";
			targets = (
				CB90B78F1D8E2F2F00CC9D8E /* CSWeChat */,
				CB90B7A31D8E2F2F00CC9D8E /* CSWeChatTests */,
				CB90B7AE1D8E2F2F00CC9D8E /* CSWeChatUITests */,
			);
		};
/* End PBXProject section */

/* Begin PBXResourcesBuildPhase section */
		CB90B78E1D8E2F2F00CC9D8E /* Resources */ = {
			isa = PBXResourcesBuildPhase;
			buildActionMask = 2147483647;
			files = (
				CB90B79E1D8E2F2F00CC9D8E /* LaunchScreen.storyboard in Resources */,
				CBCD53241D8E6657005ACB3A /* Extension.bundle in Resources */,
				CB90B79B1D8E2F2F00CC9D8E /* Assets.xcassets in Resources */,
				CB90B7E41D8E305600CC9D8E /* Media.xcassets in Resources */,
				CB90B7991D8E2F2F00CC9D8E /* Main.storyboard in Resources */,
			);
			runOnlyForDeploymentPostprocessing = 0;
		};
		CB90B7A21D8E2F2F00CC9D8E /* Resources */ = {
			isa = PBXResourcesBuildPhase;
			buildActionMask = 2147483647;
			files = (
			);
			runOnlyForDeploymentPostprocessing = 0;
		};
		CB90B7AD1D8E2F2F00CC9D8E /* Resources */ = {
			isa = PBXResourcesBuildPhase;
			buildActionMask = 2147483647;
			files = (
			);
			runOnlyForDeploymentPostprocessing = 0;
		};
/* End PBXResourcesBuildPhase section */

/* Begin PBXSourcesBuildPhase section */
		CB90B78C1D8E2F2F00CC9D8E /* Sources */ = {
			isa = PBXSourcesBuildPhase;
			buildActionMask = 2147483647;
			files = (
				CB90B7961D8E2F2F00CC9D8E /* ViewController.swift in Sources */,
				CB90B7941D8E2F2F00CC9D8E /* AppDelegate.swift in Sources */,
			);
			runOnlyForDeploymentPostprocessing = 0;
		};
		CB90B7A01D8E2F2F00CC9D8E /* Sources */ = {
			isa = PBXSourcesBuildPhase;
			buildActionMask = 2147483647;
			files = (
				CB90B7A91D8E2F2F00CC9D8E /* CSWeChatTests.swift in Sources */,
			);
			runOnlyForDeploymentPostprocessing = 0;
		};
		CB90B7AB1D8E2F2F00CC9D8E /* Sources */ = {
			isa = PBXSourcesBuildPhase;
			buildActionMask = 2147483647;
			files = (
				CB90B7B41D8E2F2F00CC9D8E /* CSWeChatUITests.swift in Sources */,
			);
			runOnlyForDeploymentPostprocessing = 0;
		};
/* End PBXSourcesBuildPhase section */

/* Begin PBXTargetDependency section */
		CB90B7A61D8E2F2F00CC9D8E /* PBXTargetDependency */ = {
			isa = PBXTargetDependency;
			target = CB90B78F1D8E2F2F00CC9D8E /* CSWeChat */;
			targetProxy = CB90B7A51D8E2F2F00CC9D8E /* PBXContainerItemProxy */;
		};
		CB90B7B11D8E2F2F00CC9D8E /* PBXTargetDependency */ = {
			isa = PBXTargetDependency;
			target = CB90B78F1D8E2F2F00CC9D8E /* CSWeChat */;
			targetProxy = CB90B7B01D8E2F2F00CC9D8E /* PBXContainerItemProxy */;
		};
/* End PBXTargetDependency section */

/* Begin PBXVariantGroup section */
		CB90B7971D8E2F2F00CC9D8E /* Main.storyboard */ = {
			isa = PBXVariantGroup;
			children = (
				CB90B7981D8E2F2F00CC9D8E /* Base */,
			);
			name = Main.storyboard;
			path = ..;
			sourceTree = "<group>";
		};
		CB90B79C1D8E2F2F00CC9D8E /* LaunchScreen.storyboard */ = {
			isa = PBXVariantGroup;
			children = (
				CB90B79D1D8E2F2F00CC9D8E /* Base */,
			);
			name = LaunchScreen.storyboard;
			path = ..;
			sourceTree = "<group>";
		};
/* End PBXVariantGroup section */

/* Begin XCBuildConfiguration section */
		CB90B7B61D8E2F2F00CC9D8E /* Debug */ = {
			isa = XCBuildConfiguration;
			buildSettings = {
				ALWAYS_SEARCH_USER_PATHS = NO;
				CLANG_ANALYZER_NONNULL = YES;
				CLANG_CXX_LANGUAGE_STANDARD = "gnu++0x";
				CLANG_CXX_LIBRARY = "libc++";
				CLANG_ENABLE_MODULES = YES;
				CLANG_ENABLE_OBJC_ARC = YES;
				CLANG_WARN_BOOL_CONVERSION = YES;
				CLANG_WARN_CONSTANT_CONVERSION = YES;
				CLANG_WARN_DIRECT_OBJC_ISA_USAGE = YES_ERROR;
				CLANG_WARN_DOCUMENTATION_COMMENTS = YES;
				CLANG_WARN_EMPTY_BODY = YES;
				CLANG_WARN_ENUM_CONVERSION = YES;
				CLANG_WARN_INFINITE_RECURSION = YES;
				CLANG_WARN_INT_CONVERSION = YES;
				CLANG_WARN_OBJC_ROOT_CLASS = YES_ERROR;
				CLANG_WARN_SUSPICIOUS_MOVES = YES;
				CLANG_WARN_UNREACHABLE_CODE = YES;
				CLANG_WARN__DUPLICATE_METHOD_MATCH = YES;
				"CODE_SIGN_IDENTITY[sdk=iphoneos*]" = "iPhone Developer";
				COPY_PHASE_STRIP = NO;
				DEBUG_INFORMATION_FORMAT = dwarf;
				ENABLE_STRICT_OBJC_MSGSEND = YES;
				ENABLE_TESTABILITY = YES;
				GCC_C_LANGUAGE_STANDARD = gnu99;
				GCC_DYNAMIC_NO_PIC = NO;
				GCC_NO_COMMON_BLOCKS = YES;
				GCC_OPTIMIZATION_LEVEL = 0;
				GCC_PREPROCESSOR_DEFINITIONS = (
					"DEBUG=1",
					"$(inherited)",
				);
				GCC_WARN_64_TO_32_BIT_CONVERSION = YES;
				GCC_WARN_ABOUT_RETURN_TYPE = YES_ERROR;
				GCC_WARN_UNDECLARED_SELECTOR = YES;
				GCC_WARN_UNINITIALIZED_AUTOS = YES_AGGRESSIVE;
				GCC_WARN_UNUSED_FUNCTION = YES;
				GCC_WARN_UNUSED_VARIABLE = YES;
				IPHONEOS_DEPLOYMENT_TARGET = 10.0;
				MTL_ENABLE_DEBUG_INFO = YES;
				ONLY_ACTIVE_ARCH = YES;
				SDKROOT = iphoneos;
				SWIFT_ACTIVE_COMPILATION_CONDITIONS = DEBUG;
				SWIFT_OPTIMIZATION_LEVEL = "-Onone";
			};
			name = Debug;
		};
		CB90B7B71D8E2F2F00CC9D8E /* Release */ = {
			isa = XCBuildConfiguration;
			buildSettings = {
				ALWAYS_SEARCH_USER_PATHS = NO;
				CLANG_ANALYZER_NONNULL = YES;
				CLANG_CXX_LANGUAGE_STANDARD = "gnu++0x";
				CLANG_CXX_LIBRARY = "libc++";
				CLANG_ENABLE_MODULES = YES;
				CLANG_ENABLE_OBJC_ARC = YES;
				CLANG_WARN_BOOL_CONVERSION = YES;
				CLANG_WARN_CONSTANT_CONVERSION = YES;
				CLANG_WARN_DIRECT_OBJC_ISA_USAGE = YES_ERROR;
				CLANG_WARN_DOCUMENTATION_COMMENTS = YES;
				CLANG_WARN_EMPTY_BODY = YES;
				CLANG_WARN_ENUM_CONVERSION = YES;
				CLANG_WARN_INFINITE_RECURSION = YES;
				CLANG_WARN_INT_CONVERSION = YES;
				CLANG_WARN_OBJC_ROOT_CLASS = YES_ERROR;
				CLANG_WARN_SUSPICIOUS_MOVES = YES;
				CLANG_WARN_UNREACHABLE_CODE = YES;
				CLANG_WARN__DUPLICATE_METHOD_MATCH = YES;
				"CODE_SIGN_IDENTITY[sdk=iphoneos*]" = "iPhone Developer";
				COPY_PHASE_STRIP = NO;
				DEBUG_INFORMATION_FORMAT = "dwarf-with-dsym";
				ENABLE_NS_ASSERTIONS = NO;
				ENABLE_STRICT_OBJC_MSGSEND = YES;
				GCC_C_LANGUAGE_STANDARD = gnu99;
				GCC_NO_COMMON_BLOCKS = YES;
				GCC_WARN_64_TO_32_BIT_CONVERSION = YES;
				GCC_WARN_ABOUT_RETURN_TYPE = YES_ERROR;
				GCC_WARN_UNDECLARED_SELECTOR = YES;
				GCC_WARN_UNINITIALIZED_AUTOS = YES_AGGRESSIVE;
				GCC_WARN_UNUSED_FUNCTION = YES;
				GCC_WARN_UNUSED_VARIABLE = YES;
				IPHONEOS_DEPLOYMENT_TARGET = 10.0;
				MTL_ENABLE_DEBUG_INFO = NO;
				SDKROOT = iphoneos;
				SWIFT_OPTIMIZATION_LEVEL = "-Owholemodule";
				VALIDATE_PRODUCT = YES;
			};
			name = Release;
		};
		CB90B7B91D8E2F2F00CC9D8E /* Debug */ = {
			isa = XCBuildConfiguration;
			buildSettings = {
				ASSETCATALOG_COMPILER_APPICON_NAME = AppIcon;
				CLANG_ENABLE_MODULES = YES;
				INFOPLIST_FILE = CSWeChat/Info.plist;
				LD_RUNPATH_SEARCH_PATHS = "$(inherited) @executable_path/Frameworks";
				PRODUCT_BUNDLE_IDENTIFIER = com.yangxiaodongcn.CSWeChat;
				PRODUCT_NAME = "$(TARGET_NAME)";
				SWIFT_OBJC_BRIDGING_HEADER = "CSWeChat/Main/CSWeChat-Bridging-Header.h";
				SWIFT_OPTIMIZATION_LEVEL = "-Onone";
				SWIFT_VERSION = 3.0;
			};
			name = Debug;
		};
		CB90B7BA1D8E2F2F00CC9D8E /* Release */ = {
			isa = XCBuildConfiguration;
			buildSettings = {
				ASSETCATALOG_COMPILER_APPICON_NAME = AppIcon;
				CLANG_ENABLE_MODULES = YES;
				INFOPLIST_FILE = CSWeChat/Info.plist;
				LD_RUNPATH_SEARCH_PATHS = "$(inherited) @executable_path/Frameworks";
				PRODUCT_BUNDLE_IDENTIFIER = com.yangxiaodongcn.CSWeChat;
				PRODUCT_NAME = "$(TARGET_NAME)";
				SWIFT_OBJC_BRIDGING_HEADER = "CSWeChat/Main/CSWeChat-Bridging-Header.h";
				SWIFT_VERSION = 3.0;
			};
			name = Release;
		};
		CB90B7BC1D8E2F2F00CC9D8E /* Debug */ = {
			isa = XCBuildConfiguration;
			buildSettings = {
				ALWAYS_EMBED_SWIFT_STANDARD_LIBRARIES = YES;
				BUNDLE_LOADER = "$(TEST_HOST)";
				INFOPLIST_FILE = CSWeChatTests/Info.plist;
				LD_RUNPATH_SEARCH_PATHS = "$(inherited) @executable_path/Frameworks @loader_path/Frameworks";
				PRODUCT_BUNDLE_IDENTIFIER = com.yangxiaodongcn.CSWeChatTests;
				PRODUCT_NAME = "$(TARGET_NAME)";
				SWIFT_VERSION = 3.0;
				TEST_HOST = "$(BUILT_PRODUCTS_DIR)/CSWeChat.app/CSWeChat";
			};
			name = Debug;
		};
		CB90B7BD1D8E2F2F00CC9D8E /* Release */ = {
			isa = XCBuildConfiguration;
			buildSettings = {
				ALWAYS_EMBED_SWIFT_STANDARD_LIBRARIES = YES;
				BUNDLE_LOADER = "$(TEST_HOST)";
				INFOPLIST_FILE = CSWeChatTests/Info.plist;
				LD_RUNPATH_SEARCH_PATHS = "$(inherited) @executable_path/Frameworks @loader_path/Frameworks";
				PRODUCT_BUNDLE_IDENTIFIER = com.yangxiaodongcn.CSWeChatTests;
				PRODUCT_NAME = "$(TARGET_NAME)";
				SWIFT_VERSION = 3.0;
				TEST_HOST = "$(BUILT_PRODUCTS_DIR)/CSWeChat.app/CSWeChat";
			};
			name = Release;
		};
		CB90B7BF1D8E2F2F00CC9D8E /* Debug */ = {
			isa = XCBuildConfiguration;
			buildSettings = {
				ALWAYS_EMBED_SWIFT_STANDARD_LIBRARIES = YES;
				INFOPLIST_FILE = CSWeChatUITests/Info.plist;
				LD_RUNPATH_SEARCH_PATHS = "$(inherited) @executable_path/Frameworks @loader_path/Frameworks";
				PRODUCT_BUNDLE_IDENTIFIER = com.yangxiaodongcn.CSWeChatUITests;
				PRODUCT_NAME = "$(TARGET_NAME)";
				SWIFT_VERSION = 3.0;
				TEST_TARGET_NAME = CSWeChat;
			};
			name = Debug;
		};
		CB90B7C01D8E2F2F00CC9D8E /* Release */ = {
			isa = XCBuildConfiguration;
			buildSettings = {
				ALWAYS_EMBED_SWIFT_STANDARD_LIBRARIES = YES;
				INFOPLIST_FILE = CSWeChatUITests/Info.plist;
				LD_RUNPATH_SEARCH_PATHS = "$(inherited) @executable_path/Frameworks @loader_path/Frameworks";
				PRODUCT_BUNDLE_IDENTIFIER = com.yangxiaodongcn.CSWeChatUITests;
				PRODUCT_NAME = "$(TARGET_NAME)";
				SWIFT_VERSION = 3.0;
				TEST_TARGET_NAME = CSWeChat;
			};
			name = Release;
		};
/* End XCBuildConfiguration section */

/* Begin XCConfigurationList section */
		CB90B78B1D8E2F2F00CC9D8E /* Build configuration list for PBXProject "CSWeChat" */ = {
			isa = XCConfigurationList;
			buildConfigurations = (
				CB90B7B61D8E2F2F00CC9D8E /* Debug */,
				CB90B7B71D8E2F2F00CC9D8E /* Release */,
			);
			defaultConfigurationIsVisible = 0;
			defaultConfigurationName = Release;
		};
		CB90B7B81D8E2F2F00CC9D8E /* Build configuration list for PBXNativeTarget "CSWeChat" */ = {
			isa = XCConfigurationList;
			buildConfigurations = (
				CB90B7B91D8E2F2F00CC9D8E /* Debug */,
				CB90B7BA1D8E2F2F00CC9D8E /* Release */,
			);
			defaultConfigurationIsVisible = 0;
			defaultConfigurationName = Release;
		};
		CB90B7BB1D8E2F2F00CC9D8E /* Build configuration list for PBXNativeTarget "CSWeChatTests" */ = {
			isa = XCConfigurationList;
			buildConfigurations = (
				CB90B7BC1D8E2F2F00CC9D8E /* Debug */,
				CB90B7BD1D8E2F2F00CC9D8E /* Release */,
			);
			defaultConfigurationIsVisible = 0;
			defaultConfigurationName = Release;
		};
		CB90B7BE1D8E2F2F00CC9D8E /* Build configuration list for PBXNativeTarget "CSWeChatUITests" */ = {
			isa = XCConfigurationList;
			buildConfigurations = (
				CB90B7BF1D8E2F2F00CC9D8E /* Debug */,
				CB90B7C01D8E2F2F00CC9D8E /* Release */,
			);
			defaultConfigurationIsVisible = 0;
			defaultConfigurationName = Release;
		};
/* End XCConfigurationList section */
	};
	rootObject = CB90B7881D8E2F2F00CC9D8E /* Project object */;
}
